// !$*UTF8*$!
{
	archiveVersion = 1;
	classes = {
	};
	objectVersion = 50;
	objects = {

/* Begin PBXBuildFile section */
		10297379E8928F424218FBC9 /* Pods_ubefirst_register.framework in Frameworks */ = {isa = PBXBuildFile; fileRef = 08108CD2286C3B7BCD155617 /* Pods_ubefirst_register.framework */; };
		EC8FED4F216F9BD900D76752 /* AppDelegate.swift in Sources */ = {isa = PBXBuildFile; fileRef = EC8FED4E216F9BD900D76752 /* AppDelegate.swift */; };
		EC8FED51216F9BD900D76752 /* LoginViewController.swift in Sources */ = {isa = PBXBuildFile; fileRef = EC8FED50216F9BD900D76752 /* LoginViewController.swift */; };
		EC8FED54216F9BD900D76752 /* Main.storyboard in Resources */ = {isa = PBXBuildFile; fileRef = EC8FED52216F9BD900D76752 /* Main.storyboard */; };
		EC8FED59216F9BDB00D76752 /* LaunchScreen.storyboard in Resources */ = {isa = PBXBuildFile; fileRef = EC8FED57216F9BDB00D76752 /* LaunchScreen.storyboard */; };
		EC8FED63216FB37A00D76752 /* Media.xcassets in Resources */ = {isa = PBXBuildFile; fileRef = EC8FED62216FB37A00D76752 /* Media.xcassets */; };
		FC001EA321D7D278001B033B /* RegistroViewController.swift in Sources */ = {isa = PBXBuildFile; fileRef = FC001EA221D7D278001B033B /* RegistroViewController.swift */; };
		FC001EA721D7DAC3001B033B /* FormularioRecuerdoViewController.swift in Sources */ = {isa = PBXBuildFile; fileRef = FC001EA621D7DAC2001B033B /* FormularioRecuerdoViewController.swift */; };
		FC1B9DA5217D3E5000145AFD /* TestGoogleViewController.swift in Sources */ = {isa = PBXBuildFile; fileRef = FC1B9DA4217D3E5000145AFD /* TestGoogleViewController.swift */; };
		FCA4CF7E21750C97009FD4E0 /* HomeViewController.swift in Sources */ = {isa = PBXBuildFile; fileRef = FCA4CF7D21750C97009FD4E0 /* HomeViewController.swift */; };
		FCA4CF80217511C8009FD4E0 /* InicialViewController.swift in Sources */ = {isa = PBXBuildFile; fileRef = FCA4CF7F217511C8009FD4E0 /* InicialViewController.swift */; };
		FCA4CF84217611A1009FD4E0 /* GoogleService-Info.plist in Resources */ = {isa = PBXBuildFile; fileRef = FCA4CF83217611A0009FD4E0 /* GoogleService-Info.plist */; };
		FCA9895721CC069F0071748E /* Boton.png in Resources */ = {isa = PBXBuildFile; fileRef = FCA9895321CC069F0071748E /* Boton.png */; };
		FCA9895821CC069F0071748E /* Fondo iniciar sesion.png in Resources */ = {isa = PBXBuildFile; fileRef = FCA9895421CC069F0071748E /* Fondo iniciar sesion.png */; };
		FCA9895921CC069F0071748E /* icono iniciar sesion.png in Resources */ = {isa = PBXBuildFile; fileRef = FCA9895521CC069F0071748E /* icono iniciar sesion.png */; };
		FCA9895A21CC069F0071748E /* Ventana Datos iniciar sesino.png in Resources */ = {isa = PBXBuildFile; fileRef = FCA9895621CC069F0071748E /* Ventana Datos iniciar sesino.png */; };
		FCA9895C21D426630071748E /* DimensionesViewController.swift in Sources */ = {isa = PBXBuildFile; fileRef = FCA9895B21D426630071748E /* DimensionesViewController.swift */; };
		FCA9895E21D42CD60071748E /* TutorialViewController.swift in Sources */ = {isa = PBXBuildFile; fileRef = FCA9895D21D42CD60071748E /* TutorialViewController.swift */; };
		FCA9896021D597730071748E /* GetFirestoreDatabase.swift in Sources */ = {isa = PBXBuildFile; fileRef = FCA9895F21D597730071748E /* GetFirestoreDatabase.swift */; };
		FCA9896221D598B80071748E /* Padre.swift in Sources */ = {isa = PBXBuildFile; fileRef = FCA9896121D598B80071748E /* Padre.swift */; };
		FCA9896421D59A2B0071748E /* Hijo.swift in Sources */ = {isa = PBXBuildFile; fileRef = FCA9896321D59A2B0071748E /* Hijo.swift */; };
/* End PBXBuildFile section */

/* Begin PBXFileReference section */
		08108CD2286C3B7BCD155617 /* Pods_ubefirst_register.framework */ = {isa = PBXFileReference; explicitFileType = wrapper.framework; includeInIndex = 0; path = Pods_ubefirst_register.framework; sourceTree = BUILT_PRODUCTS_DIR; };
		0C880E81A148295BAB330F9C /* Pods-ubefirst-register.release.xcconfig */ = {isa = PBXFileReference; includeInIndex = 1; lastKnownFileType = text.xcconfig; name = "Pods-ubefirst-register.release.xcconfig"; path = "Pods/Target Support Files/Pods-ubefirst-register/Pods-ubefirst-register.release.xcconfig"; sourceTree = "<group>"; };
		22C70E8A9C5C775DFE51533E /* Pods-ubefirst-register.debug.xcconfig */ = {isa = PBXFileReference; includeInIndex = 1; lastKnownFileType = text.xcconfig; name = "Pods-ubefirst-register.debug.xcconfig"; path = "Pods/Target Support Files/Pods-ubefirst-register/Pods-ubefirst-register.debug.xcconfig"; sourceTree = "<group>"; };
		EC8FED4B216F9BD900D76752 /* ubefirst-register.app */ = {isa = PBXFileReference; explicitFileType = wrapper.application; includeInIndex = 0; path = "ubefirst-register.app"; sourceTree = BUILT_PRODUCTS_DIR; };
		EC8FED4E216F9BD900D76752 /* AppDelegate.swift */ = {isa = PBXFileReference; lastKnownFileType = sourcecode.swift; path = AppDelegate.swift; sourceTree = "<group>"; };
		EC8FED50216F9BD900D76752 /* LoginViewController.swift */ = {isa = PBXFileReference; lastKnownFileType = sourcecode.swift; path = LoginViewController.swift; sourceTree = "<group>"; };
		EC8FED53216F9BD900D76752 /* Base */ = {isa = PBXFileReference; lastKnownFileType = file.storyboard; name = Base; path = Base.lproj/Main.storyboard; sourceTree = "<group>"; };
		EC8FED58216F9BDB00D76752 /* Base */ = {isa = PBXFileReference; lastKnownFileType = file.storyboard; name = Base; path = Base.lproj/LaunchScreen.storyboard; sourceTree = "<group>"; };
		EC8FED5A216F9BDB00D76752 /* Info.plist */ = {isa = PBXFileReference; lastKnownFileType = text.plist.xml; path = Info.plist; sourceTree = "<group>"; };
		EC8FED62216FB37A00D76752 /* Media.xcassets */ = {isa = PBXFileReference; lastKnownFileType = folder.assetcatalog; path = Media.xcassets; sourceTree = "<group>"; };
		FC001EA221D7D278001B033B /* RegistroViewController.swift */ = {isa = PBXFileReference; fileEncoding = 4; lastKnownFileType = sourcecode.swift; path = RegistroViewController.swift; sourceTree = "<group>"; };
		FC001EA621D7DAC2001B033B /* FormularioRecuerdoViewController.swift */ = {isa = PBXFileReference; fileEncoding = 4; lastKnownFileType = sourcecode.swift; path = FormularioRecuerdoViewController.swift; sourceTree = "<group>"; };
		FC1B9DA4217D3E5000145AFD /* TestGoogleViewController.swift */ = {isa = PBXFileReference; lastKnownFileType = sourcecode.swift; path = TestGoogleViewController.swift; sourceTree = "<group>"; };
		FCA4CF7D21750C97009FD4E0 /* HomeViewController.swift */ = {isa = PBXFileReference; lastKnownFileType = sourcecode.swift; path = HomeViewController.swift; sourceTree = "<group>"; };
		FCA4CF7F217511C8009FD4E0 /* InicialViewController.swift */ = {isa = PBXFileReference; lastKnownFileType = sourcecode.swift; path = InicialViewController.swift; sourceTree = "<group>"; };
		FCA4CF83217611A0009FD4E0 /* GoogleService-Info.plist */ = {isa = PBXFileReference; fileEncoding = 4; lastKnownFileType = text.plist.xml; path = "GoogleService-Info.plist"; sourceTree = "<group>"; };
		FCA9895321CC069F0071748E /* Boton.png */ = {isa = PBXFileReference; lastKnownFileType = image.png; path = Boton.png; sourceTree = "<group>"; };
		FCA9895421CC069F0071748E /* Fondo iniciar sesion.png */ = {isa = PBXFileReference; lastKnownFileType = image.png; path = "Fondo iniciar sesion.png"; sourceTree = "<group>"; };
		FCA9895521CC069F0071748E /* icono iniciar sesion.png */ = {isa = PBXFileReference; lastKnownFileType = image.png; path = "icono iniciar sesion.png"; sourceTree = "<group>"; };
		FCA9895621CC069F0071748E /* Ventana Datos iniciar sesino.png */ = {isa = PBXFileReference; lastKnownFileType = image.png; path = "Ventana Datos iniciar sesino.png"; sourceTree = "<group>"; };
		FCA9895B21D426630071748E /* DimensionesViewController.swift */ = {isa = PBXFileReference; lastKnownFileType = sourcecode.swift; path = DimensionesViewController.swift; sourceTree = "<group>"; };
		FCA9895D21D42CD60071748E /* TutorialViewController.swift */ = {isa = PBXFileReference; lastKnownFileType = sourcecode.swift; path = TutorialViewController.swift; sourceTree = "<group>"; };
		FCA9895F21D597730071748E /* GetFirestoreDatabase.swift */ = {isa = PBXFileReference; lastKnownFileType = sourcecode.swift; path = GetFirestoreDatabase.swift; sourceTree = "<group>"; };
		FCA9896121D598B80071748E /* Padre.swift */ = {isa = PBXFileReference; lastKnownFileType = sourcecode.swift; path = Padre.swift; sourceTree = "<group>"; };
		FCA9896321D59A2B0071748E /* Hijo.swift */ = {isa = PBXFileReference; lastKnownFileType = sourcecode.swift; path = Hijo.swift; sourceTree = "<group>"; };
/* End PBXFileReference section */

/* Begin PBXFrameworksBuildPhase section */
		EC8FED48216F9BD900D76752 /* Frameworks */ = {
			isa = PBXFrameworksBuildPhase;
			buildActionMask = 2147483647;
			files = (
				10297379E8928F424218FBC9 /* Pods_ubefirst_register.framework in Frameworks */,
			);
			runOnlyForDeploymentPostprocessing = 0;
		};
/* End PBXFrameworksBuildPhase section */

/* Begin PBXGroup section */
		92E99C3C8AEA7CE41A16520E /* Pods */ = {
			isa = PBXGroup;
			children = (
				22C70E8A9C5C775DFE51533E /* Pods-ubefirst-register.debug.xcconfig */,
				0C880E81A148295BAB330F9C /* Pods-ubefirst-register.release.xcconfig */,
			);
			name = Pods;
			sourceTree = "<group>";
		};
		D2E83E2D4749CBC13C419A07 /* Frameworks */ = {
			isa = PBXGroup;
			children = (
				08108CD2286C3B7BCD155617 /* Pods_ubefirst_register.framework */,
			);
			name = Frameworks;
			sourceTree = "<group>";
		};
		EC8FED42216F9BD900D76752 = {
			isa = PBXGroup;
			children = (
				FC5FDD532178EC4A0046512C /* recursos */,
				EC8FED4D216F9BD900D76752 /* ubefirst-register */,
				EC8FED4C216F9BD900D76752 /* Products */,
				92E99C3C8AEA7CE41A16520E /* Pods */,
				D2E83E2D4749CBC13C419A07 /* Frameworks */,
			);
			sourceTree = "<group>";
		};
		EC8FED4C216F9BD900D76752 /* Products */ = {
			isa = PBXGroup;
			children = (
				EC8FED4B216F9BD900D76752 /* ubefirst-register.app */,
			);
			name = Products;
			sourceTree = "<group>";
		};
		EC8FED4D216F9BD900D76752 /* ubefirst-register */ = {
			isa = PBXGroup;
			children = (
				EC8FED4E216F9BD900D76752 /* AppDelegate.swift */,
				EC8FED50216F9BD900D76752 /* LoginViewController.swift */,
				FC001EA221D7D278001B033B /* RegistroViewController.swift */,
				FC001EA621D7DAC2001B033B /* FormularioRecuerdoViewController.swift */,
				FCA4CF7D21750C97009FD4E0 /* HomeViewController.swift */,
				FCA4CF7F217511C8009FD4E0 /* InicialViewController.swift */,
				EC8FED52216F9BD900D76752 /* Main.storyboard */,
				FCA9895D21D42CD60071748E /* TutorialViewController.swift */,
				FCA9895B21D426630071748E /* DimensionesViewController.swift */,
				EC8FED57216F9BDB00D76752 /* LaunchScreen.storyboard */,
				EC8FED5A216F9BDB00D76752 /* Info.plist */,
				FCA4CF83217611A0009FD4E0 /* GoogleService-Info.plist */,
				EC8FED62216FB37A00D76752 /* Media.xcassets */,
				FC1B9DA4217D3E5000145AFD /* TestGoogleViewController.swift */,
				FCA9895F21D597730071748E /* GetFirestoreDatabase.swift */,
				FCA9896121D598B80071748E /* Padre.swift */,
				FCA9896321D59A2B0071748E /* Hijo.swift */,
			);
			path = "ubefirst-register";
			sourceTree = "<group>";
		};
		FC5FDD532178EC4A0046512C /* recursos */ = {
			isa = PBXGroup;
			children = (
				FCA9895321CC069F0071748E /* Boton.png */,
				FCA9895421CC069F0071748E /* Fondo iniciar sesion.png */,
				FCA9895521CC069F0071748E /* icono iniciar sesion.png */,
				FCA9895621CC069F0071748E /* Ventana Datos iniciar sesino.png */,
			);
			path = recursos;
			sourceTree = "<group>";
		};
/* End PBXGroup section */

/* Begin PBXNativeTarget section */
		EC8FED4A216F9BD900D76752 /* ubefirst-register */ = {
			isa = PBXNativeTarget;
			buildConfigurationList = EC8FED5D216F9BDB00D76752 /* Build configuration list for PBXNativeTarget "ubefirst-register" */;
			buildPhases = (
				67960E5D43D904B24D80BC4A /* [CP] Check Pods Manifest.lock */,
				EC8FED47216F9BD900D76752 /* Sources */,
				EC8FED48216F9BD900D76752 /* Frameworks */,
				EC8FED49216F9BD900D76752 /* Resources */,
				8618F2FA62B0FD120ACC73E4 /* [CP] Embed Pods Frameworks */,
				ED3C5E46A47DED8CB1119569 /* [CP] Copy Pods Resources */,
			);
			buildRules = (
			);
			dependencies = (
			);
			name = "ubefirst-register";
			productName = "ubefirst-register";
			productReference = EC8FED4B216F9BD900D76752 /* ubefirst-register.app */;
			productType = "com.apple.product-type.application";
		};
/* End PBXNativeTarget section */

/* Begin PBXProject section */
		EC8FED43216F9BD900D76752 /* Project object */ = {
			isa = PBXProject;
			attributes = {
				LastSwiftUpdateCheck = 1000;
				LastUpgradeCheck = 1000;
				ORGANIZATIONNAME = roman;
				TargetAttributes = {
					EC8FED4A216F9BD900D76752 = {
						CreatedOnToolsVersion = 10.0;
					};
				};
			};
			buildConfigurationList = EC8FED46216F9BD900D76752 /* Build configuration list for PBXProject "ubefirst-register" */;
			compatibilityVersion = "Xcode 9.3";
			developmentRegion = en;
			hasScannedForEncodings = 0;
			knownRegions = (
				en,
				Base,
			);
			mainGroup = EC8FED42216F9BD900D76752;
			productRefGroup = EC8FED4C216F9BD900D76752 /* Products */;
			projectDirPath = "";
			projectRoot = "";
			targets = (
				EC8FED4A216F9BD900D76752 /* ubefirst-register */,
			);
		};
/* End PBXProject section */

/* Begin PBXResourcesBuildPhase section */
		EC8FED49216F9BD900D76752 /* Resources */ = {
			isa = PBXResourcesBuildPhase;
			buildActionMask = 2147483647;
			files = (
				FCA9895721CC069F0071748E /* Boton.png in Resources */,
				EC8FED59216F9BDB00D76752 /* LaunchScreen.storyboard in Resources */,
				FCA4CF84217611A1009FD4E0 /* GoogleService-Info.plist in Resources */,
				EC8FED63216FB37A00D76752 /* Media.xcassets in Resources */,
				EC8FED54216F9BD900D76752 /* Main.storyboard in Resources */,
				FCA9895821CC069F0071748E /* Fondo iniciar sesion.png in Resources */,
				FCA9895A21CC069F0071748E /* Ventana Datos iniciar sesino.png in Resources */,
				FCA9895921CC069F0071748E /* icono iniciar sesion.png in Resources */,
			);
			runOnlyForDeploymentPostprocessing = 0;
		};
/* End PBXResourcesBuildPhase section */

/* Begin PBXShellScriptBuildPhase section */
		67960E5D43D904B24D80BC4A /* [CP] Check Pods Manifest.lock */ = {
			isa = PBXShellScriptBuildPhase;
			buildActionMask = 2147483647;
			files = (
			);
			inputPaths = (
				"${PODS_PODFILE_DIR_PATH}/Podfile.lock",
				"${PODS_ROOT}/Manifest.lock",
			);
			name = "[CP] Check Pods Manifest.lock";
			outputPaths = (
				"$(DERIVED_FILE_DIR)/Pods-ubefirst-register-checkManifestLockResult.txt",
			);
			runOnlyForDeploymentPostprocessing = 0;
			shellPath = /bin/sh;
			shellScript = "diff \"${PODS_PODFILE_DIR_PATH}/Podfile.lock\" \"${PODS_ROOT}/Manifest.lock\" > /dev/null\nif [ $? != 0 ] ; then\n    # print error to STDERR\n    echo \"error: The sandbox is not in sync with the Podfile.lock. Run 'pod install' or update your CocoaPods installation.\" >&2\n    exit 1\nfi\n# This output is used by Xcode 'outputs' to avoid re-running this script phase.\necho \"SUCCESS\" > \"${SCRIPT_OUTPUT_FILE_0}\"\n";
			showEnvVarsInLog = 0;
		};
		8618F2FA62B0FD120ACC73E4 /* [CP] Embed Pods Frameworks */ = {
			isa = PBXShellScriptBuildPhase;
			buildActionMask = 2147483647;
			files = (
			);
			inputPaths = (
				"${SRCROOT}/Pods/Target Support Files/Pods-ubefirst-register/Pods-ubefirst-register-frameworks.sh",
				"${BUILT_PRODUCTS_DIR}/Bolts/Bolts.framework",
				"${BUILT_PRODUCTS_DIR}/BoringSSL/openssl.framework",
				"${BUILT_PRODUCTS_DIR}/FBSDKCoreKit/FBSDKCoreKit.framework",
				"${BUILT_PRODUCTS_DIR}/FBSDKLoginKit/FBSDKLoginKit.framework",
				"${BUILT_PRODUCTS_DIR}/FBSDKShareKit/FBSDKShareKit.framework",
				"${BUILT_PRODUCTS_DIR}/GTMOAuth2/GTMOAuth2.framework",
				"${BUILT_PRODUCTS_DIR}/GTMSessionFetcher/GTMSessionFetcher.framework",
				"${BUILT_PRODUCTS_DIR}/GoogleToolboxForMac/GoogleToolboxForMac.framework",
				"${BUILT_PRODUCTS_DIR}/GoogleUtilities/GoogleUtilities.framework",
				"${BUILT_PRODUCTS_DIR}/Protobuf/Protobuf.framework",
				"${BUILT_PRODUCTS_DIR}/gRPC/GRPCClient.framework",
				"${BUILT_PRODUCTS_DIR}/gRPC-C++/grpcpp.framework",
				"${BUILT_PRODUCTS_DIR}/gRPC-Core/grpc.framework",
				"${BUILT_PRODUCTS_DIR}/gRPC-ProtoRPC/ProtoRPC.framework",
				"${BUILT_PRODUCTS_DIR}/gRPC-RxLibrary/RxLibrary.framework",
				"${BUILT_PRODUCTS_DIR}/leveldb-library/leveldb.framework",
				"${BUILT_PRODUCTS_DIR}/nanopb/nanopb.framework",
			);
			name = "[CP] Embed Pods Frameworks";
			outputPaths = (
				"${TARGET_BUILD_DIR}/${FRAMEWORKS_FOLDER_PATH}/Bolts.framework",
				"${TARGET_BUILD_DIR}/${FRAMEWORKS_FOLDER_PATH}/openssl.framework",
				"${TARGET_BUILD_DIR}/${FRAMEWORKS_FOLDER_PATH}/FBSDKCoreKit.framework",
				"${TARGET_BUILD_DIR}/${FRAMEWORKS_FOLDER_PATH}/FBSDKLoginKit.framework",
				"${TARGET_BUILD_DIR}/${FRAMEWORKS_FOLDER_PATH}/FBSDKShareKit.framework",
				"${TARGET_BUILD_DIR}/${FRAMEWORKS_FOLDER_PATH}/GTMOAuth2.framework",
				"${TARGET_BUILD_DIR}/${FRAMEWORKS_FOLDER_PATH}/GTMSessionFetcher.framework",
				"${TARGET_BUILD_DIR}/${FRAMEWORKS_FOLDER_PATH}/GoogleToolboxForMac.framework",
				"${TARGET_BUILD_DIR}/${FRAMEWORKS_FOLDER_PATH}/GoogleUtilities.framework",
				"${TARGET_BUILD_DIR}/${FRAMEWORKS_FOLDER_PATH}/Protobuf.framework",
				"${TARGET_BUILD_DIR}/${FRAMEWORKS_FOLDER_PATH}/GRPCClient.framework",
				"${TARGET_BUILD_DIR}/${FRAMEWORKS_FOLDER_PATH}/grpcpp.framework",
				"${TARGET_BUILD_DIR}/${FRAMEWORKS_FOLDER_PATH}/grpc.framework",
				"${TARGET_BUILD_DIR}/${FRAMEWORKS_FOLDER_PATH}/ProtoRPC.framework",
				"${TARGET_BUILD_DIR}/${FRAMEWORKS_FOLDER_PATH}/RxLibrary.framework",
				"${TARGET_BUILD_DIR}/${FRAMEWORKS_FOLDER_PATH}/leveldb.framework",
				"${TARGET_BUILD_DIR}/${FRAMEWORKS_FOLDER_PATH}/nanopb.framework",
			);
			runOnlyForDeploymentPostprocessing = 0;
			shellPath = /bin/sh;
			shellScript = "\"${SRCROOT}/Pods/Target Support Files/Pods-ubefirst-register/Pods-ubefirst-register-frameworks.sh\"\n";
			showEnvVarsInLog = 0;
		};
		ED3C5E46A47DED8CB1119569 /* [CP] Copy Pods Resources */ = {
			isa = PBXShellScriptBuildPhase;
			buildActionMask = 2147483647;
			files = (
			);
			inputPaths = (
				"${SRCROOT}/Pods/Target Support Files/Pods-ubefirst-register/Pods-ubefirst-register-resources.sh",
				"${PODS_ROOT}/GoogleSignIn/Resources/GoogleSignIn.bundle",
			);
			name = "[CP] Copy Pods Resources";
			outputPaths = (
				"${TARGET_BUILD_DIR}/${UNLOCALIZED_RESOURCES_FOLDER_PATH}/GoogleSignIn.bundle",
			);
			runOnlyForDeploymentPostprocessing = 0;
			shellPath = /bin/sh;
			shellScript = "\"${SRCROOT}/Pods/Target Support Files/Pods-ubefirst-register/Pods-ubefirst-register-resources.sh\"\n";
			showEnvVarsInLog = 0;
		};
/* End PBXShellScriptBuildPhase section */

/* Begin PBXSourcesBuildPhase section */
		EC8FED47216F9BD900D76752 /* Sources */ = {
			isa = PBXSourcesBuildPhase;
			buildActionMask = 2147483647;
			files = (
				FCA4CF80217511C8009FD4E0 /* InicialViewController.swift in Sources */,
				EC8FED51216F9BD900D76752 /* LoginViewController.swift in Sources */,
				FCA9895E21D42CD60071748E /* TutorialViewController.swift in Sources */,
				FCA9896221D598B80071748E /* Padre.swift in Sources */,
				FCA9896021D597730071748E /* GetFirestoreDatabase.swift in Sources */,
				FCA9895C21D426630071748E /* DimensionesViewController.swift in Sources */,
				FC001EA321D7D278001B033B /* RegistroViewController.swift in Sources */,
				EC8FED4F216F9BD900D76752 /* AppDelegate.swift in Sources */,
				FCA4CF7E21750C97009FD4E0 /* HomeViewController.swift in Sources */,
				FC001EA721D7DAC3001B033B /* FormularioRecuerdoViewController.swift in Sources */,
				FC1B9DA5217D3E5000145AFD /* TestGoogleViewController.swift in Sources */,
				FCA9896421D59A2B0071748E /* Hijo.swift in Sources */,
			);
			runOnlyForDeploymentPostprocessing = 0;
		};
/* End PBXSourcesBuildPhase section */

/* Begin PBXVariantGroup section */
		EC8FED52216F9BD900D76752 /* Main.storyboard */ = {
			isa = PBXVariantGroup;
			children = (
				EC8FED53216F9BD900D76752 /* Base */,
			);
			name = Main.storyboard;
			sourceTree = "<group>";
		};
		EC8FED57216F9BDB00D76752 /* LaunchScreen.storyboard */ = {
			isa = PBXVariantGroup;
			children = (
				EC8FED58216F9BDB00D76752 /* Base */,
			);
			name = LaunchScreen.storyboard;
			sourceTree = "<group>";
		};
/* End PBXVariantGroup section */

/* Begin XCBuildConfiguration section */
		EC8FED5B216F9BDB00D76752 /* Debug */ = {
			isa = XCBuildConfiguration;
			buildSettings = {
				ALWAYS_SEARCH_USER_PATHS = NO;
				CLANG_ANALYZER_NONNULL = YES;
				CLANG_ANALYZER_NUMBER_OBJECT_CONVERSION = YES_AGGRESSIVE;
				CLANG_CXX_LANGUAGE_STANDARD = "gnu++14";
				CLANG_CXX_LIBRARY = "libc++";
				CLANG_ENABLE_MODULES = YES;
				CLANG_ENABLE_OBJC_ARC = YES;
				CLANG_ENABLE_OBJC_WEAK = YES;
				CLANG_WARN_BLOCK_CAPTURE_AUTORELEASING = YES;
				CLANG_WARN_BOOL_CONVERSION = YES;
				CLANG_WARN_COMMA = YES;
				CLANG_WARN_CONSTANT_CONVERSION = YES;
				CLANG_WARN_DEPRECATED_OBJC_IMPLEMENTATIONS = YES;
				CLANG_WARN_DIRECT_OBJC_ISA_USAGE = YES_ERROR;
				CLANG_WARN_DOCUMENTATION_COMMENTS = YES;
				CLANG_WARN_EMPTY_BODY = YES;
				CLANG_WARN_ENUM_CONVERSION = YES;
				CLANG_WARN_INFINITE_RECURSION = YES;
				CLANG_WARN_INT_CONVERSION = YES;
				CLANG_WARN_NON_LITERAL_NULL_CONVERSION = YES;
				CLANG_WARN_OBJC_IMPLICIT_RETAIN_SELF = YES;
				CLANG_WARN_OBJC_LITERAL_CONVERSION = YES;
				CLANG_WARN_OBJC_ROOT_CLASS = YES_ERROR;
				CLANG_WARN_RANGE_LOOP_ANALYSIS = YES;
				CLANG_WARN_STRICT_PROTOTYPES = YES;
				CLANG_WARN_SUSPICIOUS_MOVE = YES;
				CLANG_WARN_UNGUARDED_AVAILABILITY = YES_AGGRESSIVE;
				CLANG_WARN_UNREACHABLE_CODE = YES;
				CLANG_WARN__DUPLICATE_METHOD_MATCH = YES;
				CODE_SIGN_IDENTITY = "iPhone Developer";
				COPY_PHASE_STRIP = NO;
				DEBUG_INFORMATION_FORMAT = dwarf;
				ENABLE_STRICT_OBJC_MSGSEND = YES;
				ENABLE_TESTABILITY = YES;
				GCC_C_LANGUAGE_STANDARD = gnu11;
				GCC_DYNAMIC_NO_PIC = NO;
				GCC_NO_COMMON_BLOCKS = YES;
				GCC_OPTIMIZATION_LEVEL = 0;
				GCC_PREPROCESSOR_DEFINITIONS = (
					"DEBUG=1",
					"$(inherited)",
				);
				GCC_WARN_64_TO_32_BIT_CONVERSION = YES;
				GCC_WARN_ABOUT_RETURN_TYPE = YES_ERROR;
				GCC_WARN_UNDECLARED_SELECTOR = YES;
				GCC_WARN_UNINITIALIZED_AUTOS = YES_AGGRESSIVE;
				GCC_WARN_UNUSED_FUNCTION = YES;
				GCC_WARN_UNUSED_VARIABLE = YES;
				IPHONEOS_DEPLOYMENT_TARGET = 12.0;
				MTL_ENABLE_DEBUG_INFO = INCLUDE_SOURCE;
				MTL_FAST_MATH = YES;
				ONLY_ACTIVE_ARCH = YES;
				SDKROOT = iphoneos;
				SWIFT_ACTIVE_COMPILATION_CONDITIONS = DEBUG;
				SWIFT_OPTIMIZATION_LEVEL = "-Onone";
			};
			name = Debug;
		};
		EC8FED5C216F9BDB00D76752 /* Release */ = {
			isa = XCBuildConfiguration;
			buildSettings = {
				ALWAYS_SEARCH_USER_PATHS = NO;
				CLANG_ANALYZER_NONNULL = YES;
				CLANG_ANALYZER_NUMBER_OBJECT_CONVERSION = YES_AGGRESSIVE;
				CLANG_CXX_LANGUAGE_STANDARD = "gnu++14";
				CLANG_CXX_LIBRARY = "libc++";
				CLANG_ENABLE_MODULES = YES;
				CLANG_ENABLE_OBJC_ARC = YES;
				CLANG_ENABLE_OBJC_WEAK = YES;
				CLANG_WARN_BLOCK_CAPTURE_AUTORELEASING = YES;
				CLANG_WARN_BOOL_CONVERSION = YES;
				CLANG_WARN_COMMA = YES;
				CLANG_WARN_CONSTANT_CONVERSION = YES;
				CLANG_WARN_DEPRECATED_OBJC_IMPLEMENTATIONS = YES;
				CLANG_WARN_DIRECT_OBJC_ISA_USAGE = YES_ERROR;
				CLANG_WARN_DOCUMENTATION_COMMENTS = YES;
				CLANG_WARN_EMPTY_BODY = YES;
				CLANG_WARN_ENUM_CONVERSION = YES;
				CLANG_WARN_INFINITE_RECURSION = YES;
				CLANG_WARN_INT_CONVERSION = YES;
				CLANG_WARN_NON_LITERAL_NULL_CONVERSION = YES;
				CLANG_WARN_OBJC_IMPLICIT_RETAIN_SELF = YES;
				CLANG_WARN_OBJC_LITERAL_CONVERSION = YES;
				CLANG_WARN_OBJC_ROOT_CLASS = YES_ERROR;
				CLANG_WARN_RANGE_LOOP_ANALYSIS = YES;
				CLANG_WARN_STRICT_PROTOTYPES = YES;
				CLANG_WARN_SUSPICIOUS_MOVE = YES;
				CLANG_WARN_UNGUARDED_AVAILABILITY = YES_AGGRESSIVE;
				CLANG_WARN_UNREACHABLE_CODE = YES;
				CLANG_WARN__DUPLICATE_METHOD_MATCH = YES;
				CODE_SIGN_IDENTITY = "iPhone Developer";
				COPY_PHASE_STRIP = NO;
				DEBUG_INFORMATION_FORMAT = "dwarf-with-dsym";
				ENABLE_NS_ASSERTIONS = NO;
				ENABLE_STRICT_OBJC_MSGSEND = YES;
				GCC_C_LANGUAGE_STANDARD = gnu11;
				GCC_NO_COMMON_BLOCKS = YES;
				GCC_WARN_64_TO_32_BIT_CONVERSION = YES;
				GCC_WARN_ABOUT_RETURN_TYPE = YES_ERROR;
				GCC_WARN_UNDECLARED_SELECTOR = YES;
				GCC_WARN_UNINITIALIZED_AUTOS = YES_AGGRESSIVE;
				GCC_WARN_UNUSED_FUNCTION = YES;
				GCC_WARN_UNUSED_VARIABLE = YES;
				IPHONEOS_DEPLOYMENT_TARGET = 12.0;
				MTL_ENABLE_DEBUG_INFO = NO;
				MTL_FAST_MATH = YES;
				SDKROOT = iphoneos;
				SWIFT_COMPILATION_MODE = wholemodule;
				SWIFT_OPTIMIZATION_LEVEL = "-O";
				VALIDATE_PRODUCT = YES;
			};
			name = Release;
		};
		EC8FED5E216F9BDB00D76752 /* Debug */ = {
			isa = XCBuildConfiguration;
			baseConfigurationReference = 22C70E8A9C5C775DFE51533E /* Pods-ubefirst-register.debug.xcconfig */;
			buildSettings = {
				ASSETCATALOG_COMPILER_APPICON_NAME = AppIcon;
				ASSETCATALOG_COMPILER_LAUNCHIMAGE_NAME = LaunchImage;
				CODE_SIGN_STYLE = Automatic;
				DEVELOPMENT_TEAM = ASK9PBQ6AZ;
				INFOPLIST_FILE = "ubefirst-register/Info.plist";
				IPHONEOS_DEPLOYMENT_TARGET = 11.4;
				LD_RUNPATH_SEARCH_PATHS = (
					"$(inherited)",
					"@executable_path/Frameworks",
				);
				PRODUCT_BUNDLE_IDENTIFIER = "falcon.ubefirst-register";
				PRODUCT_NAME = "$(TARGET_NAME)";
				SWIFT_VERSION = 4.2;
				TARGETED_DEVICE_FAMILY = "1,2";
			};
			name = Debug;
		};
		EC8FED5F216F9BDB00D76752 /* Release */ = {
			isa = XCBuildConfiguration;
			baseConfigurationReference = 0C880E81A148295BAB330F9C /* Pods-ubefirst-register.release.xcconfig */;
			buildSettings = {
				ASSETCATALOG_COMPILER_APPICON_NAME = AppIcon;
				ASSETCATALOG_COMPILER_LAUNCHIMAGE_NAME = LaunchImage;
				CODE_SIGN_STYLE = Automatic;
				DEVELOPMENT_TEAM = ASK9PBQ6AZ;
				INFOPLIST_FILE = "ubefirst-register/Info.plist";
				IPHONEOS_DEPLOYMENT_TARGET = 11.4;
				LD_RUNPATH_SEARCH_PATHS = (
					"$(inherited)",
					"@executable_path/Frameworks",
				);
				PRODUCT_BUNDLE_IDENTIFIER = "falcon.ubefirst-register";
				PRODUCT_NAME = "$(TARGET_NAME)";
				SWIFT_VERSION = 4.2;
				TARGETED_DEVICE_FAMILY = "1,2";
			};
			name = Release;
		};
/* End XCBuildConfiguration section */

/* Begin XCConfigurationList section */
		EC8FED46216F9BD900D76752 /* Build configuration list for PBXProject "ubefirst-register" */ = {
			isa = XCConfigurationList;
			buildConfigurations = (
				EC8FED5B216F9BDB00D76752 /* Debug */,
				EC8FED5C216F9BDB00D76752 /* Release */,
			);
			defaultConfigurationIsVisible = 0;
			defaultConfigurationName = Release;
		};
		EC8FED5D216F9BDB00D76752 /* Build configuration list for PBXNativeTarget "ubefirst-register" */ = {
			isa = XCConfigurationList;
			buildConfigurations = (
				EC8FED5E216F9BDB00D76752 /* Debug */,
				EC8FED5F216F9BDB00D76752 /* Release */,
			);
			defaultConfigurationIsVisible = 0;
			defaultConfigurationName = Release;
		};
/* End XCConfigurationList section */
	};
	rootObject = EC8FED43216F9BD900D76752 /* Project object */;
}
