// !$*UTF8*$!
{
	archiveVersion = 1;
	classes = {
	};
	objectVersion = 50;
	objects = {

/* Begin PBXBuildFile section */
		EC8FED4F216F9BD900D76752 /* AppDelegate.swift in Sources */ = {isa = PBXBuildFile; fileRef = EC8FED4E216F9BD900D76752 /* AppDelegate.swift */; };
		EC8FED51216F9BD900D76752 /* ViewController.swift in Sources */ = {isa = PBXBuildFile; fileRef = EC8FED50216F9BD900D76752 /* ViewController.swift */; };
		EC8FED54216F9BD900D76752 /* Main.storyboard in Resources */ = {isa = PBXBuildFile; fileRef = EC8FED52216F9BD900D76752 /* Main.storyboard */; };
		EC8FED59216F9BDB00D76752 /* LaunchScreen.storyboard in Resources */ = {isa = PBXBuildFile; fileRef = EC8FED57216F9BDB00D76752 /* LaunchScreen.storyboard */; };
		EC8FED61216FAE3200D76752 /* RegisterViewController.swift in Sources */ = {isa = PBXBuildFile; fileRef = EC8FED60216FAE3200D76752 /* RegisterViewController.swift */; };
		EC8FED63216FB37A00D76752 /* Media.xcassets in Resources */ = {isa = PBXBuildFile; fileRef = EC8FED62216FB37A00D76752 /* Media.xcassets */; };
/* End PBXBuildFile section */

/* Begin PBXFileReference section */
		EC8FED4B216F9BD900D76752 /* ubefirst-register.app */ = {isa = PBXFileReference; explicitFileType = wrapper.application; includeInIndex = 0; path = "ubefirst-register.app"; sourceTree = BUILT_PRODUCTS_DIR; };
		EC8FED4E216F9BD900D76752 /* AppDelegate.swift */ = {isa = PBXFileReference; lastKnownFileType = sourcecode.swift; path = AppDelegate.swift; sourceTree = "<group>"; };
		EC8FED50216F9BD900D76752 /* ViewController.swift */ = {isa = PBXFileReference; lastKnownFileType = sourcecode.swift; path = ViewController.swift; sourceTree = "<group>"; };
		EC8FED53216F9BD900D76752 /* Base */ = {isa = PBXFileReference; lastKnownFileType = file.storyboard; name = Base; path = Base.lproj/Main.storyboard; sourceTree = "<group>"; };
		EC8FED58216F9BDB00D76752 /* Base */ = {isa = PBXFileReference; lastKnownFileType = file.storyboard; name = Base; path = Base.lproj/LaunchScreen.storyboard; sourceTree = "<group>"; };
		EC8FED5A216F9BDB00D76752 /* Info.plist */ = {isa = PBXFileReference; lastKnownFileType = text.plist.xml; path = Info.plist; sourceTree = "<group>"; };
		EC8FED60216FAE3200D76752 /* RegisterViewController.swift */ = {isa = PBXFileReference; lastKnownFileType = sourcecode.swift; path = RegisterViewController.swift; sourceTree = "<group>"; };
		EC8FED62216FB37A00D76752 /* Media.xcassets */ = {isa = PBXFileReference; lastKnownFileType = folder.assetcatalog; path = Media.xcassets; sourceTree = "<group>"; };
/* End PBXFileReference section */

/* Begin PBXFrameworksBuildPhase section */
		EC8FED48216F9BD900D76752 /* Frameworks */ = {
			isa = PBXFrameworksBuildPhase;
			buildActionMask = 2147483647;
			files = (
			);
			runOnlyForDeploymentPostprocessing = 0;
		};
/* End PBXFrameworksBuildPhase section */

/* Begin PBXGroup section */
		EC8FED42216F9BD900D76752 = {
			isa = PBXGroup;
			children = (
				EC8FED4D216F9BD900D76752 /* ubefirst-register */,
				EC8FED4C216F9BD900D76752 /* Products */,
			);
			sourceTree = "<group>";
		};
		EC8FED4C216F9BD900D76752 /* Products */ = {
			isa = PBXGroup;
			children = (
				EC8FED4B216F9BD900D76752 /* ubefirst-register.app */,
			);
			name = Products;
			sourceTree = "<group>";
		};
		EC8FED4D216F9BD900D76752 /* ubefirst-register */ = {
			isa = PBXGroup;
			children = (
				EC8FED4E216F9BD900D76752 /* AppDelegate.swift */,
				EC8FED50216F9BD900D76752 /* ViewController.swift */,
				EC8FED52216F9BD900D76752 /* Main.storyboard */,
				EC8FED57216F9BDB00D76752 /* LaunchScreen.storyboard */,
				EC8FED5A216F9BDB00D76752 /* Info.plist */,
				EC8FED60216FAE3200D76752 /* RegisterViewController.swift */,
				EC8FED62216FB37A00D76752 /* Media.xcassets */,
			);
			path = "ubefirst-register";
			sourceTree = "<group>";
		};
/* End PBXGroup section */

/* Begin PBXNativeTarget section */
		EC8FED4A216F9BD900D76752 /* ubefirst-register */ = {
			isa = PBXNativeTarget;
			buildConfigurationList = EC8FED5D216F9BDB00D76752 /* Build configuration list for PBXNativeTarget "ubefirst-register" */;
			buildPhases = (
				EC8FED47216F9BD900D76752 /* Sources */,
				EC8FED48216F9BD900D76752 /* Frameworks */,
				EC8FED49216F9BD900D76752 /* Resources */,
			);
			buildRules = (
			);
			dependencies = (
			);
			name = "ubefirst-register";
			productName = "ubefirst-register";
			productReference = EC8FED4B216F9BD900D76752 /* ubefirst-register.app */;
			productType = "com.apple.product-type.application";
		};
/* End PBXNativeTarget section */

/* Begin PBXProject section */
		EC8FED43216F9BD900D76752 /* Project object */ = {
			isa = PBXProject;
			attributes = {
				LastSwiftUpdateCheck = 1000;
				LastUpgradeCheck = 1000;
				ORGANIZATIONNAME = roman;
				TargetAttributes = {
					EC8FED4A216F9BD900D76752 = {
						CreatedOnToolsVersion = 10.0;
					};
				};
			};
			buildConfigurationList = EC8FED46216F9BD900D76752 /* Build configuration list for PBXProject "ubefirst-register" */;
			compatibilityVersion = "Xcode 9.3";
			developmentRegion = en;
			hasScannedForEncodings = 0;
			knownRegions = (
				en,
				Base,
			);
			mainGroup = EC8FED42216F9BD900D76752;
			productRefGroup = EC8FED4C216F9BD900D76752 /* Products */;
			projectDirPath = "";
			projectRoot = "";
			targets = (
				EC8FED4A216F9BD900D76752 /* ubefirst-register */,
			);
		};
/* End PBXProject section */

/* Begin PBXResourcesBuildPhase section */
		EC8FED49216F9BD900D76752 /* Resources */ = {
			isa = PBXResourcesBuildPhase;
			buildActionMask = 2147483647;
			files = (
				EC8FED59216F9BDB00D76752 /* LaunchScreen.storyboard in Resources */,
				EC8FED63216FB37A00D76752 /* Media.xcassets in Resources */,
				EC8FED54216F9BD900D76752 /* Main.storyboard in Resources */,
			);
			runOnlyForDeploymentPostprocessing = 0;
		};
/* End PBXResourcesBuildPhase section */

/* Begin PBXSourcesBuildPhase section */
		EC8FED47216F9BD900D76752 /* Sources */ = {
			isa = PBXSourcesBuildPhase;
			buildActionMask = 2147483647;
			files = (
				EC8FED61216FAE3200D76752 /* RegisterViewController.swift in Sources */,
				EC8FED51216F9BD900D76752 /* ViewController.swift in Sources */,
				EC8FED4F216F9BD900D76752 /* AppDelegate.swift in Sources */,
			);
			runOnlyForDeploymentPostprocessing = 0;
		};
/* End PBXSourcesBuildPhase section */

/* Begin PBXVariantGroup section */
		EC8FED52216F9BD900D76752 /* Main.storyboard */ = {
			isa = PBXVariantGroup;
			children = (
				EC8FED53216F9BD900D76752 /* Base */,
			);
			name = Main.storyboard;
			sourceTree = "<group>";
		};
		EC8FED57216F9BDB00D76752 /* LaunchScreen.storyboard */ = {
			isa = PBXVariantGroup;
			children = (
				EC8FED58216F9BDB00D76752 /* Base */,
			);
			name = LaunchScreen.storyboard;
			sourceTree = "<group>";
		};
/* End PBXVariantGroup section */

/* Begin XCBuildConfiguration section */
		EC8FED5B216F9BDB00D76752 /* Debug */ = {
			isa = XCBuildConfiguration;
			buildSettings = {
				ALWAYS_SEARCH_USER_PATHS = NO;
				CLANG_ANALYZER_NONNULL = YES;
				CLANG_ANALYZER_NUMBER_OBJECT_CONVERSION = YES_AGGRESSIVE;
				CLANG_CXX_LANGUAGE_STANDARD = "gnu++14";
				CLANG_CXX_LIBRARY = "libc++";
				CLANG_ENABLE_MODULES = YES;
				CLANG_ENABLE_OBJC_ARC = YES;
				CLANG_ENABLE_OBJC_WEAK = YES;
				CLANG_WARN_BLOCK_CAPTURE_AUTORELEASING = YES;
				CLANG_WARN_BOOL_CONVERSION = YES;
				CLANG_WARN_COMMA = YES;
				CLANG_WARN_CONSTANT_CONVERSION = YES;
				CLANG_WARN_DEPRECATED_OBJC_IMPLEMENTATIONS = YES;
				CLANG_WARN_DIRECT_OBJC_ISA_USAGE = YES_ERROR;
				CLANG_WARN_DOCUMENTATION_COMMENTS = YES;
				CLANG_WARN_EMPTY_BODY = YES;
				CLANG_WARN_ENUM_CONVERSION = YES;
				CLANG_WARN_INFINITE_RECURSION = YES;
				CLANG_WARN_INT_CONVERSION = YES;
				CLANG_WARN_NON_LITERAL_NULL_CONVERSION = YES;
				CLANG_WARN_OBJC_IMPLICIT_RETAIN_SELF = YES;
				CLANG_WARN_OBJC_LITERAL_CONVERSION = YES;
				CLANG_WARN_OBJC_ROOT_CLASS = YES_ERROR;
				CLANG_WARN_RANGE_LOOP_ANALYSIS = YES;
				CLANG_WARN_STRICT_PROTOTYPES = YES;
				CLANG_WARN_SUSPICIOUS_MOVE = YES;
				CLANG_WARN_UNGUARDED_AVAILABILITY = YES_AGGRESSIVE;
				CLANG_WARN_UNREACHABLE_CODE = YES;
				CLANG_WARN__DUPLICATE_METHOD_MATCH = YES;
				CODE_SIGN_IDENTITY = "iPhone Developer";
				COPY_PHASE_STRIP = NO;
				DEBUG_INFORMATION_FORMAT = dwarf;
				ENABLE_STRICT_OBJC_MSGSEND = YES;
				ENABLE_TESTABILITY = YES;
				GCC_C_LANGUAGE_STANDARD = gnu11;
				GCC_DYNAMIC_NO_PIC = NO;
				GCC_NO_COMMON_BLOCKS = YES;
				GCC_OPTIMIZATION_LEVEL = 0;
				GCC_PREPROCESSOR_DEFINITIONS = (
					"DEBUG=1",
					"$(inherited)",
				);
				GCC_WARN_64_TO_32_BIT_CONVERSION = YES;
				GCC_WARN_ABOUT_RETURN_TYPE = YES_ERROR;
				GCC_WARN_UNDECLARED_SELECTOR = YES;
				GCC_WARN_UNINITIALIZED_AUTOS = YES_AGGRESSIVE;
				GCC_WARN_UNUSED_FUNCTION = YES;
				GCC_WARN_UNUSED_VARIABLE = YES;
				IPHONEOS_DEPLOYMENT_TARGET = 12.0;
				MTL_ENABLE_DEBUG_INFO = INCLUDE_SOURCE;
				MTL_FAST_MATH = YES;
				ONLY_ACTIVE_ARCH = YES;
				SDKROOT = iphoneos;
				SWIFT_ACTIVE_COMPILATION_CONDITIONS = DEBUG;
				SWIFT_OPTIMIZATION_LEVEL = "-Onone";
			};
			name = Debug;
		};
		EC8FED5C216F9BDB00D76752 /* Release */ = {
			isa = XCBuildConfiguration;
			buildSettings = {
				ALWAYS_SEARCH_USER_PATHS = NO;
				CLANG_ANALYZER_NONNULL = YES;
				CLANG_ANALYZER_NUMBER_OBJECT_CONVERSION = YES_AGGRESSIVE;
				CLANG_CXX_LANGUAGE_STANDARD = "gnu++14";
				CLANG_CXX_LIBRARY = "libc++";
				CLANG_ENABLE_MODULES = YES;
				CLANG_ENABLE_OBJC_ARC = YES;
				CLANG_ENABLE_OBJC_WEAK = YES;
				CLANG_WARN_BLOCK_CAPTURE_AUTORELEASING = YES;
				CLANG_WARN_BOOL_CONVERSION = YES;
				CLANG_WARN_COMMA = YES;
				CLANG_WARN_CONSTANT_CONVERSION = YES;
				CLANG_WARN_DEPRECATED_OBJC_IMPLEMENTATIONS = YES;
				CLANG_WARN_DIRECT_OBJC_ISA_USAGE = YES_ERROR;
				CLANG_WARN_DOCUMENTATION_COMMENTS = YES;
				CLANG_WARN_EMPTY_BODY = YES;
				CLANG_WARN_ENUM_CONVERSION = YES;
				CLANG_WARN_INFINITE_RECURSION = YES;
				CLANG_WARN_INT_CONVERSION = YES;
				CLANG_WARN_NON_LITERAL_NULL_CONVERSION = YES;
				CLANG_WARN_OBJC_IMPLICIT_RETAIN_SELF = YES;
				CLANG_WARN_OBJC_LITERAL_CONVERSION = YES;
				CLANG_WARN_OBJC_ROOT_CLASS = YES_ERROR;
				CLANG_WARN_RANGE_LOOP_ANALYSIS = YES;
				CLANG_WARN_STRICT_PROTOTYPES = YES;
				CLANG_WARN_SUSPICIOUS_MOVE = YES;
				CLANG_WARN_UNGUARDED_AVAILABILITY = YES_AGGRESSIVE;
				CLANG_WARN_UNREACHABLE_CODE = YES;
				CLANG_WARN__DUPLICATE_METHOD_MATCH = YES;
				CODE_SIGN_IDENTITY = "iPhone Developer";
				COPY_PHASE_STRIP = NO;
				DEBUG_INFORMATION_FORMAT = "dwarf-with-dsym";
				ENABLE_NS_ASSERTIONS = NO;
				ENABLE_STRICT_OBJC_MSGSEND = YES;
				GCC_C_LANGUAGE_STANDARD = gnu11;
				GCC_NO_COMMON_BLOCKS = YES;
				GCC_WARN_64_TO_32_BIT_CONVERSION = YES;
				GCC_WARN_ABOUT_RETURN_TYPE = YES_ERROR;
				GCC_WARN_UNDECLARED_SELECTOR = YES;
				GCC_WARN_UNINITIALIZED_AUTOS = YES_AGGRESSIVE;
				GCC_WARN_UNUSED_FUNCTION = YES;
				GCC_WARN_UNUSED_VARIABLE = YES;
				IPHONEOS_DEPLOYMENT_TARGET = 12.0;
				MTL_ENABLE_DEBUG_INFO = NO;
				MTL_FAST_MATH = YES;
				SDKROOT = iphoneos;
				SWIFT_COMPILATION_MODE = wholemodule;
				SWIFT_OPTIMIZATION_LEVEL = "-O";
				VALIDATE_PRODUCT = YES;
			};
			name = Release;
		};
		EC8FED5E216F9BDB00D76752 /* Debug */ = {
			isa = XCBuildConfiguration;
			buildSettings = {
				ASSETCATALOG_COMPILER_APPICON_NAME = AppIcon;
				CODE_SIGN_STYLE = Automatic;
				INFOPLIST_FILE = "ubefirst-register/Info.plist";
				LD_RUNPATH_SEARCH_PATHS = (
					"$(inherited)",
					"@executable_path/Frameworks",
				);
				PRODUCT_BUNDLE_IDENTIFIER = "falcon.ubefirst-register";
				PRODUCT_NAME = "$(TARGET_NAME)";
				SWIFT_VERSION = 4.2;
				TARGETED_DEVICE_FAMILY = "1,2";
			};
			name = Debug;
		};
		EC8FED5F216F9BDB00D76752 /* Release */ = {
			isa = XCBuildConfiguration;
			buildSettings = {
				ASSETCATALOG_COMPILER_APPICON_NAME = AppIcon;
				CODE_SIGN_STYLE = Automatic;
				INFOPLIST_FILE = "ubefirst-register/Info.plist";
				LD_RUNPATH_SEARCH_PATHS = (
					"$(inherited)",
					"@executable_path/Frameworks",
				);
				PRODUCT_BUNDLE_IDENTIFIER = "falcon.ubefirst-register";
				PRODUCT_NAME = "$(TARGET_NAME)";
				SWIFT_VERSION = 4.2;
				TARGETED_DEVICE_FAMILY = "1,2";
			};
			name = Release;
		};
/* End XCBuildConfiguration section */

/* Begin XCConfigurationList section */
		EC8FED46216F9BD900D76752 /* Build configuration list for PBXProject "ubefirst-register" */ = {
			isa = XCConfigurationList;
			buildConfigurations = (
				EC8FED5B216F9BDB00D76752 /* Debug */,
				EC8FED5C216F9BDB00D76752 /* Release */,
			);
			defaultConfigurationIsVisible = 0;
			defaultConfigurationName = Release;
		};
		EC8FED5D216F9BDB00D76752 /* Build configuration list for PBXNativeTarget "ubefirst-register" */ = {
			isa = XCConfigurationList;
			buildConfigurations = (
				EC8FED5E216F9BDB00D76752 /* Debug */,
				EC8FED5F216F9BDB00D76752 /* Release */,
			);
			defaultConfigurationIsVisible = 0;
			defaultConfigurationName = Release;
		};
/* End XCConfigurationList section */
	};
	rootObject = EC8FED43216F9BD900D76752 /* Project object */;
}
